
Microsoft Visual Studio Solution File, Format Version 12.00
# Visual Studio 2013
VisualStudioVersion = 12.0.30501.0
MinimumVisualStudioVersion = 10.0.40219.1
Project("{FAE04EC0-301F-11D3-BF4B-00C04F79EFBC}") = "Segment_Tree", "Segment_Tree\Segment_Tree.csproj", "{B6004797-7B58-4F7A-90CC-81EA2DEC7D9E}"
EndProject
Project("{FAE04EC0-301F-11D3-BF4B-00C04F79EFBC}") = "Tests", "Tests\Tests.csproj", "{78F8AB30-FE12-4850-924E-9CCC959F684E}"
EndProject
Global
	GlobalSection(SolutionConfigurationPlatforms) = preSolution
		Debug|Any CPU = Debug|Any CPU
		Release|Any CPU = Release|Any CPU
	EndGlobalSection
	GlobalSection(ProjectConfigurationPlatforms) = postSolution
		{B6004797-7B58-4F7A-90CC-81EA2DEC7D9E}.Debug|Any CPU.ActiveCfg = Debug|Any CPU
		{B6004797-7B58-4F7A-90CC-81EA2DEC7D9E}.Debug|Any CPU.Build.0 = Debug|Any CPU
		{B6004797-7B58-4F7A-90CC-81EA2DEC7D9E}.Release|Any CPU.ActiveCfg = Release|Any CPU
		{B6004797-7B58-4F7A-90CC-81EA2DEC7D9E}.Release|Any CPU.Build.0 = Release|Any CPU
		{78F8AB30-FE12-4850-924E-9CCC959F684E}.Debug|Any CPU.ActiveCfg = Debug|Any CPU
		{78F8AB30-FE12-4850-924E-9CCC959F684E}.Debug|Any CPU.Build.0 = Debug|Any CPU
		{78F8AB30-FE12-4850-924E-9CCC959F684E}.Release|Any CPU.ActiveCfg = Release|Any CPU
		{78F8AB30-FE12-4850-924E-9CCC959F684E}.Release|Any CPU.Build.0 = Release|Any CPU
	EndGlobalSection
	GlobalSection(SolutionProperties) = preSolution
		HideSolutionNode = FALSE
	EndGlobalSection
EndGlobal
